lockfileVersion: '9.0'

settings:
  autoInstallPeers: true
  excludeLinksFromLockfile: false

importers:

  .:
    dependencies:
      '@base-ui/react':
        specifier: 1.6.0
        version: 1.6.0(@types/react@19.1.8)(react-dom@19.2.8(react@19.2.8))(react@19.2.8)
      '@hookform/resolvers':
        specifier: 5.4.0
        version: 5.4.0(react-hook-form@7.81.0(react@19.2.8))
      '@radix-ui/react-icons':
        specifier: 1.3.2
        version: 1.3.2(react@19.2.8)
      '@tanstack/react-query':
        specifier: 5.83.0
        version: 5.83.0(react@19.2.8)
      '@tanstack/react-router':
        specifier: 1.129.0
        version: 1.129.0(react-dom@19.2.8(react@19.2.8))(react@19.2.8)
      '@types/react':
        specifier: 19.1.8
        version: 19.1.8
      '@types/react-dom':
        specifier: 19.1.6
        version: 19.1.6(@types/react@19.1.8)
      better-auth:
        specifier: 1.6.19
        version: 1.6.19(drizzle-orm@0.45.2(kysely@0.29.4))(react-dom@19.2.8(react@19.2.8))(react@19.2.8)
      class-variance-authority:
        specifier: 0.7.1
        version: 0.7.1
      clsx:
        specifier: 2.1.1
        version: 2.1.1
      drizzle-orm:
        specifier: 0.45.2
        version: 0.45.2(kysely@0.29.4)
      esbuild:
        specifier: 0.28.1
        version: 0.28.1
      hono:
        specifier: 4.12.31
        version: 4.12.31
      react:
        specifier: 19.2.8
        version: 19.2.8
      react-dom:
        specifier: 19.2.8
        version: 19.2.8(react@19.2.8)
      react-hook-form:
        specifier: 7.81.0
        version: 7.81.0(react@19.2.8)
      tailwind-merge:
        specifier: 3.3.1
        version: 3.3.1
      tailwindcss:
        specifier: 4.1.11
        version: 4.1.11
      typescript:
        specifier: 6.0.3
        version: 6.0.3
      zod:
        specifier: 4.3.5
        version: 4.3.5

packages:

  '@babel/runtime@7.29.7':
    resolution: {integrity: sha512-Nq8OhGWiZIZGV6hLHoyAKLLcJihP/xFeBMGJoUrxTX2psI8dCifzLhZISFb+VWS3wFMRDmCGw5R+dOySCqPLhw==}
    engines: {node: '>=6.9.0'}

  '@base-ui/react@1.6.0':
    resolution: {integrity: sha512-/jzjTWJYXhRFO45Bev9lc3cHbmjzCMpUqbMZ2AgKy/z25mY9B6shGSNcXcjQar9n5doM0KYW1W8fcFv2jZBuMw==}
    engines: {node: '>=14.0.0'}
    peerDependencies:
      '@date-fns/tz': ^1.2.0
      '@types/react': ^17 || ^18 || ^19
      date-fns: ^4.0.0
      react: ^17 || ^18 || ^19
      react-dom: ^17 || ^18 || ^19
    peerDependenciesMeta:
      '@date-fns/tz':
        optional: true
      '@types/react':
        optional: true
      date-fns:
        optional: true

  '@base-ui/utils@0.3.1':
    resolution: {integrity: sha512-gFFiltORVmW/N6IILTGxizP3PBpVpysqML1ALY5Vk0mH+7faVkCknOU31goYHN5Aoek2dkjxva1XOD2Ce9WuIg==}
    peerDependencies:
      '@types/react': ^17 || ^18 || ^19
      react: ^17 || ^18 || ^19
      react-dom: ^17 || ^18 || ^19
    peerDependenciesMeta:
      '@types/react':
        optional: true

  '@better-auth/core@1.6.19':
    resolution: {integrity: sha512-ddE3Y9MoQ8t32QSO5Y8mV7pmnDAv5LdJjX1SPWUH6JUUmuOc7YEy3B5JfXZIJbRaXFdnAitN7pHPVa5u/dYAZA==}
    peerDependencies:
      '@better-auth/utils': 0.4.2
      '@better-fetch/fetch': 1.3.1
      '@cloudflare/workers-types': '>=4'
      '@opentelemetry/api': ^1.9.0
      better-call: 1.3.6
      jose: ^6.1.0
      kysely: ^0.28.5 || ^0.29.0
      nanostores: ^1.0.1
    peerDependenciesMeta:
      '@cloudflare/workers-types':
        optional: true
      '@opentelemetry/api':
        optional: true

  '@better-auth/drizzle-adapter@1.6.19':
    resolution: {integrity: sha512-57C9ePorPmIEez6dHuQMz3hCTkYim0lfVRIoRtX7PiVfiRFB2bjXseQwrCJfQmkgMFlkp1s/c9nKgAjc2EvAIg==}
    peerDependencies:
      '@better-auth/core': ^1.6.19
      '@better-auth/utils': 0.4.2
      drizzle-orm: ^0.45.2
    peerDependenciesMeta:
      drizzle-orm:
        optional: true

  '@better-auth/kysely-adapter@1.6.19':
    resolution: {integrity: sha512-DlmvllEd0nv8JL+plX3JB3WTmqDFnGFOmjmIiUDHo8R3PTAvC0ZaJq3Jk+LQLN5PyVQSUzXZKtvTQYaqRHzBaw==}
    peerDependencies:
      '@better-auth/core': ^1.6.19
      '@better-auth/utils': 0.4.2
      kysely: ^0.28.17 || ^0.29.0
    peerDependenciesMeta:
      kysely:
        optional: true

  '@better-auth/memory-adapter@1.6.19':
    resolution: {integrity: sha512-cZ8iLRG/T8Oi/CqE9FTHj3z8pIOqRsINi50trWxPNwyY/Eyb7YCljrBi0PuqgIdyVs7BWfrrtEYTpO4ddfuwEw==}
    peerDependencies:
      '@better-auth/core': ^1.6.19
      '@better-auth/utils': 0.4.2

  '@better-auth/mongo-adapter@1.6.19':
    resolution: {integrity: sha512-8AReXqhMGiGQIPEpGbmAhh+R4g70TsAVvzwdd6Aj4q+LTSwd3tqC89TFJ4eX8KSplxm9PFBZ6g6gsRmDd7urQg==}
    peerDependencies:
      '@better-auth/core': ^1.6.19
      '@better-auth/utils': 0.4.2
      mongodb: ^6.0.0 || ^7.0.0
    peerDependenciesMeta:
      mongodb:
        optional: true

  '@better-auth/prisma-adapter@1.6.19':
    resolution: {integrity: sha512-pXZBhR7/bzJb48IUHlGMyz9SM9h1OCO5GIIuHEllJYt8MKgrjtsnXfUkwZh6pAUEIp3WxBEYMMK96bfkqHiWEg==}
    peerDependencies:
      '@better-auth/core': ^1.6.19
      '@better-auth/utils': 0.4.2
      '@prisma/client': ^5.0.0 || ^6.0.0 || ^7.0.0
      prisma: ^5.0.0 || ^6.0.0 || ^7.0.0
    peerDependenciesMeta:
      '@prisma/client':
        optional: true
      prisma:
        optional: true

  '@better-auth/telemetry@1.6.19':
    resolution: {integrity: sha512-bBaB6SMIsrD3WutDdm5YQ1bQyinANTimHD8RtpLWhNh/jIXvzgwVVCrDFqA256vcGC/ZRCydmtW8ZrUqNMW9Og==}
    peerDependencies:
      '@better-auth/core': ^1.6.19
      '@better-auth/utils': 0.4.2
      '@better-fetch/fetch': 1.3.1

  '@better-auth/utils@0.4.2':
    resolution: {integrity: sha512-AUxrvu+HaaODsUyzDxFgwd/8RZ1yZaYo42LXKSrU2oGgR38pS1ij8nqQKNgtTWoYGpNevNXtCfgTy6loHveW9A==}

  '@better-fetch/fetch@1.3.1':
    resolution: {integrity: sha512-ABkD1WhyfPZprKRQI3bhATjeiFuNWC9PXhfGWqL+sg/gKrM977oFrYkdb4msM3hgUGonr7KlOsOFT5TU2rht9g==}

  '@esbuild/aix-ppc64@0.28.1':
    resolution: {integrity: sha512-Svl7tq8k/08+p6CXPpRjQ1fKX+1odH/BQbb48fV6fj3CWHhsoIOoY87w1oHXm0qEpkIK3ZfVgp0hed3XBXzXMQ==}
    engines: {node: '>=18'}
    cpu: [ppc64]
    os: [aix]

  '@esbuild/android-arm64@0.28.1':
    resolution: {integrity: sha512-34EGEbCIAgosYz6goLcopX6Mo7NyGv9tfwEM2/7Ce2VcVRk568iSvniGWcUXIy7wEDR1wzolcxcriFVrWYcwBg==}
    engines: {node: '>=18'}
    cpu: [arm64]
    os: [android]

  '@esbuild/android-arm@0.28.1':
    resolution: {integrity: sha512-0k2F129Xdio1TdJfzJ8sy1Q47vUD2NnwdhiAf7drUN1EBTfPf4hsFCtmMgu/6m8JSzsBrlmVjudMBQqOfG8usQ==}
    engines: {node: '>=18'}
    cpu: [arm]
    os: [android]

  '@esbuild/android-x64@0.28.1':
    resolution: {integrity: sha512-dbwY7ltSMDWsRatcRpCnES4F+im88OCUgGZjy52shC7GqHRE/cYlxNbB4Z4UpJswpcc4Qxd2oE/ufM0p61IKng==}
    engines: {node: '>=18'}
    cpu: [x64]
    os: [android]

  '@esbuild/darwin-arm64@0.28.1':
    resolution: {integrity: sha512-TZbWkQY7kvTAXbXUT7uVACR5cMHsDiSz9z7ZKAX/RTq/WJEk3QyRr0wZpNhBDX+/0CtdqUIJlOiodQcta6tY3Q==}
    engines: {node: '>=18'}
    cpu: [arm64]
    os: [darwin]

  '@esbuild/darwin-x64@0.28.1':
    resolution: {integrity: sha512-zfdzgK9ACBNZLI/CyHTOx81SyNbM6YXn7rxSgX97VjyiPl9W1i4Ka4fgKECEoFCKGpvBj5qArWIGgQjOwkgskQ==}
    engines: {node: '>=18'}
    cpu: [x64]
    os: [darwin]

  '@esbuild/freebsd-arm64@0.28.1':
    resolution: {integrity: sha512-wG2EA8ENdEI0qhkSZMjfqrdY+ziCYCPMmtZjjIwOmXFjmyzEHn+UUxk5of+SYsjtfs3VpnlC7QLzSI5hY/rOAw==}
    engines: {node: '>=18'}
    cpu: [arm64]
    os: [freebsd]

  '@esbuild/freebsd-x64@0.28.1':
    resolution: {integrity: sha512-i7dZ9vQgnvSCzi/rYCXNgtF/U+eKZNJBzu3eTQbRgHnM7tNSizLOkRFAl3qzVc/Op/u5YkHHa4pf/3DOYHthLQ==}
    engines: {node: '>=18'}
    cpu: [x64]
    os: [freebsd]

  '@esbuild/linux-arm64@0.28.1':
    resolution: {integrity: sha512-yHs+0uc8+nvEAfAfxrWQKK5peSNzBc4PegcMO0EJ2hT71uA7vB8Ihg2e77R2P7SG5uYjPbHlLLmve4LLLRCf0g==}
    engines: {node: '>=18'}
    cpu: [arm64]
    os: [linux]

  '@esbuild/linux-arm@0.28.1':
    resolution: {integrity: sha512-qVXBOHQS+d5Y722GwJzJUtOLlX7km3CraOaGormF1pDtPd2C/l1SHRPgjLunLGe51Sh5YYWKMFDyV4SxgMQYTQ==}
    engines: {node: '>=18'}
    cpu: [arm]
    os: [linux]

  '@esbuild/linux-ia32@0.28.1':
    resolution: {integrity: sha512-d1z4ZuP0ajrfz/FhGT4vv278rX8KnPPJx8i5+AtK7TYbx9Le9F1hyzurZpkEyjkGa9dUGhQow4C1NmeGvqxN2w==}
    engines: {node: '>=18'}
    cpu: [ia32]
    os: [linux]

  '@esbuild/linux-loong64@0.28.1':
    resolution: {integrity: sha512-M5sRjUVZrkm1OAPR3dlOYzNmN+loZKGVi1VUQGrwuqLcbR6qeAz+famMhjASeH3YVKvZz+zT1jlh/keC3Rj/lg==}
    engines: {node: '>=18'}
    cpu: [loong64]
    os: [linux]

  '@esbuild/linux-mips64el@0.28.1':
    resolution: {integrity: sha512-mRObBZeHh2OxcBFPWE/FjylkRgZdYuiTR3vaTozquCGOH14iP9oN4x4Ge81CoIDYQrXmIxpFumJBu5MtZpnQJQ==}
    engines: {node: '>=18'}
    cpu: [mips64el]
    os: [linux]

  '@esbuild/linux-ppc64@0.28.1':
    resolution: {integrity: sha512-slScBsMAb3GFDcdrCgLwZtPYRoH2H/youv10QiZyRjmsP48fznoveWytSgCI/R0ZcUgpc0ZhIUEx6LHts8yrfQ==}
    engines: {node: '>=18'}
    cpu: [ppc64]
    os: [linux]

  '@esbuild/linux-riscv64@0.28.1':
    resolution: {integrity: sha512-kw0owk1o0GFETUJyW0jc0G4Yzs0BHZn0JDZ8JRT088vjJYX777BAs1fDGxAC+q831qOs2DTC96mNsG2opdfyyQ==}
    engines: {node: '>=18'}
    cpu: [riscv64]
    os: [linux]

  '@esbuild/linux-s390x@0.28.1':
    resolution: {integrity: sha512-/lAIjX8aYFRByhh6L5rYtPEDRqa9de/4V/juOXcta5frjvzXO4/sqEtyytse0g3zZFuWu5cDN0MkLz2qRDD2Ag==}
    engines: {node: '>=18'}
    cpu: [s390x]
    os: [linux]

  '@esbuild/linux-x64@0.28.1':
    resolution: {integrity: sha512-u/anNYF2mmVOEDwLtnQ1wOr3EZ9sTNGLWrsYGYwHWzGA3Si84IOkHXlbWTD1NB+9/1lcnweYKO54uhxZydNzfA==}
    engines: {node: '>=18'}
    cpu: [x64]
    os: [linux]

  '@esbuild/netbsd-arm64@0.28.1':
    resolution: {integrity: sha512-oks0DYbLwWMmaakTsCb+zL4E+aHRVLom9IJZOAthMQEPiQmydXHkziYEsGYRx0uNV/IjEKGAV941JzH02pflqw==}
    engines: {node: '>=18'}
    cpu: [arm64]
    os: [netbsd]

  '@esbuild/netbsd-x64@0.28.1':
    resolution: {integrity: sha512-aeL6lAnN89Hz43Mlh1G8ARasbuoYvSITDEx0tHh5b7jJnHcssqgjy9Yx430GDpmCa6OyrKoS0aNRjKundRizGg==}
    engines: {node: '>=18'}
    cpu: [x64]
    os: [netbsd]

  '@esbuild/openbsd-arm64@0.28.1':
    resolution: {integrity: sha512-MEFJe5C3R8pwXdZ5Y21oo6m7ePiS0d9pWucn99O/wvyJZChoIQKrQDxKrGeW8F5+T0okTHesAmDeiHDTIq0V/Q==}
    engines: {node: '>=18'}
    cpu: [arm64]
    os: [openbsd]

  '@esbuild/openbsd-x64@0.28.1':
    resolution: {integrity: sha512-i/ZLIOafE0Z8cI/XANJAixoJL/uRAoS2xOA3rb0xN+KK0K177cMAsQYkzHtBrtMXAKuAc7HGgcWiZ/sRC1Nxgw==}
    engines: {node: '>=18'}
    cpu: [x64]
    os: [openbsd]

  '@esbuild/openharmony-arm64@0.28.1':
    resolution: {integrity: sha512-ge+Z7EXFNt2BO1oAMsVpiQ8EwndV9i1xXerAeTIK7AtPs3bKFXQM7nlRxDSIUIMeueR1CNXxqztLzdNeReKBJg==}
    engines: {node: '>=18'}
    cpu: [arm64]
    os: [openharmony]

  '@esbuild/sunos-x64@0.28.1':
    resolution: {integrity: sha512-BEjgtECkL3vY+SaSQ6nzVfiALUeFxpawyp8Jmf5PtYhf1Ug40N1h/hxlhts+f1FvSvarEigdxS3BlSMI2PJLcQ==}
    engines: {node: '>=18'}
    cpu: [x64]
    os: [sunos]

  '@esbuild/win32-arm64@0.28.1':
    resolution: {integrity: sha512-lCv9eK/H6ZJWbE7bh2nw54CZ9M2nupBxJcTsdk/QQnWkdSjKGuxmmH8/GWrlT1eMmZfn4dGcCjRte397WqfQXA==}
    engines: {node: '>=18'}
    cpu: [arm64]
    os: [win32]

  '@esbuild/win32-ia32@0.28.1':
    resolution: {integrity: sha512-zvb/mB2bSCoJOpoCBgYKKpX6YM6mJBlBUVUtVj41DlZJVEB6/0CKlRYxP5wWl1C1ILiCoAU5wZZ4q1P3qeS6Eg==}
    engines: {node: '>=18'}
    cpu: [ia32]
    os: [win32]

  '@esbuild/win32-x64@0.28.1':
    resolution: {integrity: sha512-bm4Mowrv+GXMlpWX++EcXw/iLyd1o3+bJkC2DkWXYVvgZCqD/bSj9ctZeAMC3cIxgjRVR2Dufaiu4YPxr5gW1A==}
    engines: {node: '>=18'}
    cpu: [x64]
    os: [win32]

  '@floating-ui/core@1.8.0':
    resolution: {integrity: sha512-0CIZ5itps/8x7BG8dEIhs53BvCUH2PCoogtakwRTut+Arm58sJooJ0AuZhLw2HJYIR5cMLNPBSS728sPho2khQ==}

  '@floating-ui/dom@1.8.0':
    resolution: {integrity: sha512-yXSrzeHZBTZadLOlfyhCkJHNeLJnHRnRInwdZ40L7ZiaAtrBwoYlsDrX3v5zB1Utk7CLfzcOVnVVWoXEky7Ceg==}

  '@floating-ui/react-dom@2.1.9':
    resolution: {integrity: sha512-JDjEFGCpImxDCA7JJKviA0M9+RtmJdj0m/NVU5IMgBK+AmZouAQQ7/+2GLH0GXXY0YMw9oXPB8hKdbPYg5QLYg==}
    peerDependencies:
      react: '>=16.8.0'
      react-dom: '>=16.8.0'

  '@floating-ui/utils@0.2.12':
    resolution: {integrity: sha512-HpCo8tmWzLVad5s2d19EhAz5zqrrQ6s69qd6moPMQvkOuSwDT1YgRfWSVuc4ennqrgv3OHppiOGMQ7oC13yIww==}

  '@hookform/resolvers@5.4.0':
    resolution: {integrity: sha512-EIsqr/t/qbinPIhGjMdtvutIN1Kk4uwbROE9/UQ93CAVGR7GkA7Y92+fX80OzXi/OB67jVFYwKGO1WzkxmkFZw==}
    peerDependencies:
      react-hook-form: ^7.55.0

  '@noble/ciphers@2.2.0':
    resolution: {integrity: sha512-Z6pjIZ/8IJcCGzb2S/0Px5J81yij85xASuk1teLNeg75bfT07MV3a/O2Mtn1I2se43k3lkVEcFaR10N4cgQcZA==}
    engines: {node: '>= 20.19.0'}

  '@noble/hashes@2.2.0':
    resolution: {integrity: sha512-IYqDGiTXab6FniAgnSdZwgWbomxpy9FtYvLKs7wCUs2a8RkITG+DFGO1DM9cr+E3/RgADRpFjrKVaJ1z6sjtEg==}
    engines: {node: '>= 20.19.0'}

  '@opentelemetry/semantic-conventions@1.43.0':
    resolution: {integrity: sha512-eSYWTm620tTk45EKSedaUL8MFYI8hW164hIXsgIHyxu3VobUB3fFCu5t0hQby6OoWRPsG1KkKUG2M5UadiLiVg==}
    engines: {node: '>=14'}

  '@radix-ui/react-icons@1.3.2':
    resolution: {integrity: sha512-fyQIhGDhzfc9pK2kH6Pl9c4BDJGfMkPqkyIgYDthyNYoNg3wVhoJMMh19WS4Up/1KMPFVpNsT2q3WmXn2N1m6g==}
    peerDependencies:
      react: ^16.x || ^17.x || ^18.x || ^19.0.0 || ^19.0.0-rc

  '@standard-schema/spec@1.1.0':
    resolution: {integrity: sha512-l2aFy5jALhniG5HgqrD6jXLi/rUWrKvqN/qJx6yoJsgKhblVd+iqqU4RCXavm/jPityDo5TCvKMnpjKnOriy0w==}

  '@standard-schema/utils@0.3.0':
    resolution: {integrity: sha512-e7Mew686owMaPJVNNLs55PUvgz371nKgwsc4vxE49zsODpJEnxgxRo2y/OKrqueavXgZNMDVj3DdHFlaSAeU8g==}

  '@tanstack/history@1.121.34':
    resolution: {integrity: sha512-YL8dGi5ZU+xvtav2boRlw4zrRghkY6hvdcmHhA0RGSJ/CBgzv+cbADW9eYJLx74XMZvIQ1pp6VMbrpXnnM5gHA==}
    engines: {node: '>=12'}

  '@tanstack/query-core@5.83.0':
    resolution: {integrity: sha512-0M8dA+amXUkyz5cVUm/B+zSk3xkQAcuXuz5/Q/LveT4ots2rBpPTZOzd7yJa2Utsf8D2Upl5KyjhHRY+9lB/XA==}

  '@tanstack/react-query@5.83.0':
    resolution: {integrity: sha512-/XGYhZ3foc5H0VM2jLSD/NyBRIOK4q9kfeml4+0x2DlL6xVuAcVEW+hTlTapAmejObg0i3eNqhkr2dT+eciwoQ==}
    peerDependencies:
      react: ^18 || ^19

  '@tanstack/react-router@1.129.0':
    resolution: {integrity: sha512-p28j8wFVhacEJQ+qelgbaNZsMG5ab4YDVOrP09APV3vBNHP+vZAxHNkI6jNJtS6EtdUA5JaQ9pjKAvDrTH7RZQ==}
    engines: {node: '>=12'}
    peerDependencies:
      react: '>=18.0.0 || >=19.0.0'
      react-dom: '>=18.0.0 || >=19.0.0'

  '@tanstack/react-store@0.7.7':
    resolution: {integrity: sha512-qqT0ufegFRDGSof9D/VqaZgjNgp4tRPHZIJq2+QIHkMUtHjaJ0lYrrXjeIUJvjnTbgPfSD1XgOMEt0lmANn6Zg==}
    peerDependencies:
      react: ^16.8.0 || ^17.0.0 || ^18.0.0 || ^19.0.0
      react-dom: ^16.8.0 || ^17.0.0 || ^18.0.0 || ^19.0.0

  '@tanstack/router-core@1.129.0':
    resolution: {integrity: sha512-bkUgh9x8pNnzH611lqAXJ6D1zpa6J6hzSn/2ojmDR1Azsw3u/WfFcdZaBE8CvjMpCANN61lEnKGEz1VYDXpn+A==}
    engines: {node: '>=12'}

  '@tanstack/store@0.7.7':
    resolution: {integrity: sha512-xa6pTan1bcaqYDS9BDpSiS63qa6EoDkPN9RsRaxHuDdVDNntzq3xNwR5YKTU/V3SkSyC9T4YVOPh2zRQN0nhIQ==}

  '@types/react-dom@19.1.6':
    resolution: {integrity: sha512-4hOiT/dwO8Ko0gV1m/TJZYk3y0KBnY9vzDh7W+DH17b2HFSOGgdj33dhihPeuy3l0q23+4e+hoXHV6hCC4dCXw==}
    peerDependencies:
      '@types/react': ^19.0.0

  '@types/react@19.1.8':
    resolution: {integrity: sha512-AwAfQ2Wa5bCx9WP8nZL2uMZWod7J7/JSplxbTmBQ5ms6QpqNYm672H0Vu9ZVKVngQ+ii4R/byguVEUZQyeg44g==}

  better-auth@1.6.19:
    resolution: {integrity: sha512-68eXWKj0sxa0xW4+n4tENd6Co94UCynPKe1fncmO6kIB3XhSXWgwDEpiUouJV2dmLBrHM1FPkoI6Q5597zCGpQ==}
    peerDependencies:
      '@lynx-js/react': '*'
      '@prisma/client': ^5.0.0 || ^6.0.0 || ^7.0.0
      '@sveltejs/kit': ^2.0.0
      '@tanstack/react-start': ^1.0.0
      '@tanstack/solid-start': ^1.0.0
      better-sqlite3: ^12.0.0
      drizzle-kit: '>=0.31.4'
      drizzle-orm: ^0.45.2
      mongodb: ^6.0.0 || ^7.0.0
      mysql2: ^3.0.0
      next: ^14.0.0 || ^15.0.0 || ^16.0.0
      pg: ^8.0.0
      prisma: ^5.0.0 || ^6.0.0 || ^7.0.0
      react: ^18.0.0 || ^19.0.0
      react-dom: ^18.0.0 || ^19.0.0
      solid-js: ^1.0.0
      svelte: ^4.0.0 || ^5.0.0
      vitest: ^2.0.0 || ^3.0.0 || ^4.0.0
      vue: ^3.0.0
    peerDependenciesMeta:
      '@lynx-js/react':
        optional: true
      '@prisma/client':
        optional: true
      '@sveltejs/kit':
        optional: true
      '@tanstack/react-start':
        optional: true
      '@tanstack/solid-start':
        optional: true
      better-sqlite3:
        optional: true
      drizzle-kit:
        optional: true
      drizzle-orm:
        optional: true
      mongodb:
        optional: true
      mysql2:
        optional: true
      next:
        optional: true
      pg:
        optional: true
      prisma:
        optional: true
      react:
        optional: true
      react-dom:
        optional: true
      solid-js:
        optional: true
      svelte:
        optional: true
      vitest:
        optional: true
      vue:
        optional: true

  better-call@1.3.6:
    resolution: {integrity: sha512-no1jI+h6Bkxs1NVBo4rONbVIzsPjZ8IUu7IHaJBiFwVX1XEQGN8KpHots5fSWmXe9nNyLuLIcgx6WEUcE6EDaA==}
    peerDependencies:
      zod: ^4.0.0
    peerDependenciesMeta:
      zod:
        optional: true

  class-variance-authority@0.7.1:
    resolution: {integrity: sha512-Ka+9Trutv7G8M6WT6SeiRWz792K5qEqIGEGzXKhAE6xOWAY6pPH8U+9IY3oCMv6kqTmLsv7Xh/2w2RigkePMsg==}

  clsx@2.1.1:
    resolution: {integrity: sha512-eYm0QWBtUrBWZWG0d386OGAw16Z995PiOVo2B7bjWSbHedGl5e0ZWaq65kOGgUSNesEIDkB9ISbTg/JK9dhCZA==}
    engines: {node: '>=6'}

  cookie-es@1.2.3:
    resolution: {integrity: sha512-lXVyvUvrNXblMqzIRrxHb57UUVmqsSWlxqt3XIjCkUP0wDAf6uicO6KMbEgYrMNtEvWgWHwe42CKxPu9MYAnWw==}

  csstype@3.2.3:
    resolution: {integrity: sha512-z1HGKcYy2xA8AGQfwrn0PAy+PB7X/GSj3UVJW9qKyn43xWa+gl5nXmU4qqLMRzWVLFC8KusUX8T/0kCiOYpAIQ==}

  defu@6.1.7:
    resolution: {integrity: sha512-7z22QmUWiQ/2d0KkdYmANbRUVABpZ9SNYyH5vx6PZ+nE5bcC0l7uFvEfHlyld/HcGBFTL536ClDt3DEcSlEJAQ==}

  drizzle-orm@0.45.2:
    resolution: {integrity: sha512-kY0BSaTNYWnoDMVoyY8uxmyHjpJW1geOmBMdSSicKo9CIIWkSxMIj2rkeSR51b8KAPB7m+qysjuHme5nKP+E5Q==}
    peerDependencies:
      '@aws-sdk/client-rds-data': '>=3'
      '@cloudflare/workers-types': '>=4'
      '@electric-sql/pglite': '>=0.2.0'
      '@libsql/client': '>=0.10.0'
      '@libsql/client-wasm': '>=0.10.0'
      '@neondatabase/serverless': '>=0.10.0'
      '@op-engineering/op-sqlite': '>=2'
      '@opentelemetry/api': ^1.4.1
      '@planetscale/database': '>=1.13'
      '@prisma/client': '*'
      '@tidbcloud/serverless': '*'
      '@types/better-sqlite3': '*'
      '@types/pg': '*'
      '@types/sql.js': '*'
      '@upstash/redis': '>=1.34.7'
      '@vercel/postgres': '>=0.8.0'
      '@xata.io/client': '*'
      better-sqlite3: '>=7'
      bun-types: '*'
      expo-sqlite: '>=14.0.0'
      gel: '>=2'
      knex: '*'
      kysely: '*'
      mysql2: '>=2'
      pg: '>=8'
      postgres: '>=3'
      prisma: '*'
      sql.js: '>=1'
      sqlite3: '>=5'
    peerDependenciesMeta:
      '@aws-sdk/client-rds-data':
        optional: true
      '@cloudflare/workers-types':
        optional: true
      '@electric-sql/pglite':
        optional: true
      '@libsql/client':
        optional: true
      '@libsql/client-wasm':
        optional: true
      '@neondatabase/serverless':
        optional: true
      '@op-engineering/op-sqlite':
        optional: true
      '@opentelemetry/api':
        optional: true
      '@planetscale/database':
        optional: true
      '@prisma/client':
        optional: true
      '@tidbcloud/serverless':
        optional: true
      '@types/better-sqlite3':
        optional: true
      '@types/pg':
        optional: true
      '@types/sql.js':
        optional: true
      '@upstash/redis':
        optional: true
      '@vercel/postgres':
        optional: true
      '@xata.io/client':
        optional: true
      better-sqlite3:
        optional: true
      bun-types:
        optional: true
      expo-sqlite:
        optional: true
      gel:
        optional: true
      knex:
        optional: true
      kysely:
        optional: true
      mysql2:
        optional: true
      pg:
        optional: true
      postgres:
        optional: true
      prisma:
        optional: true
      sql.js:
        optional: true
      sqlite3:
        optional: true

  esbuild@0.28.1:
    resolution: {integrity: sha512-HrJrvZv5ayxBzPfwphOoNzkzOIIlifzk0KJrGK2c8R4+LKpMtpYLQeUdjnwjWv/LZlkH2laZk+4w78pi99D4Vw==}
    engines: {node: '>=18'}
    hasBin: true

  hono@4.12.31:
    resolution: {integrity: sha512-zJIHFrl6bq3RDd2YusFNCDlM8qUprxKswyi/OPzPyzKDdyBXDqWx8bZlZ7R+saTdSTatUmb3O7K4SspGPaEOQg==}
    engines: {node: '>=16.9.0'}

  isbot@5.2.1:
    resolution: {integrity: sha512-dJ+LpKyClQZ7NG+j3OensC/mAZkGpukE9YUrgPYvAZj2doVL0edfDgywTUh5CXa0o+nW9a1V9e5+CJTX8+SxRw==}
    engines: {node: '>=18'}

  jose@6.2.4:
    resolution: {integrity: sha512-N8acGzVsQy6M/fjFcxtysNc4Q379TcM5dM/qKkNtsHFji88yANnXTr7BLeP75iPnFwBfQzM/jg2BZ9+HZrHCZA==}

  kysely@0.29.4:
    resolution: {integrity: sha512-y5mVgQNkMbs1eK9Xyc0pmNdabN2wHhRYY/5r4W5HrUT1rYCEPeVNSj1RUJeSDKT3U0p+mXCvLgkrFuIafYI6BA==}
    engines: {node: '>=22.0.0'}

  nanostores@1.4.1:
    resolution: {integrity: sha512-PGd3uPojJB9Z07d5NX3Db/SOSBbyy3wLMUGq0GpnEEJfVzY9mq7daPMAZ3jObV5D3Jn+YKND636eI5ULg7F80Q==}
    engines: {node: ^20.0.0 || >=22.0.0}

  react-dom@19.2.8:
    resolution: {integrity: sha512-rVprimfGBG3DR+Tq0IQG2DT5PxKth1WIGDmj5yPmlzr4YBe7uyE+Du4oVqTDXZSHGGGXRtTJEGSSePyQCMBglQ==}
    peerDependencies:
      react: ^19.2.8

  react-hook-form@7.81.0:
    resolution: {integrity: sha512-ocbmr2p5KBMoAfj4WCUvped33lVi1Kd5DuDUvQDnB6VEAacOjPI/jMbtDdbhco4y9ct4xUuCmMY0b/C9L0QHjw==}
    engines: {node: '>=18.0.0'}
    peerDependencies:
      react: ^16.8.0 || ^17 || ^18 || ^19

  react@19.2.8:
    resolution: {integrity: sha512-PWaYA1L/q9u2u7xYQi+Y3L3Yfnie7XyLeaJICV1MGD6LprsBxcAqGjYyr0eY3p+QdsA+x/Irkt4Qif8D63+Sbw==}
    engines: {node: '>=0.10.0'}

  reselect@5.2.0:
    resolution: {integrity: sha512-AgZ3UOZm3YndfrJ4OYjgrT7bmCm/1iqkjvEfH/oYjzh6PD2qw4QuT3jjnXIrpdt4MTpMXclMT3lXbmRY+XRakw==}

  rou3@0.7.12:
    resolution: {integrity: sha512-iFE4hLDuloSWcD7mjdCDhx2bKcIsYbtOTpfH5MHHLSKMOUyjqQXTeZVa289uuwEGEKFoE/BAPbhaU4B774nceg==}

  scheduler@0.27.0:
    resolution: {integrity: sha512-eNv+WrVbKu1f3vbYJT/xtiF5syA5HPIMtf9IgY/nKg0sWqzAUEvqY/xm7OcZc/qafLx/iO9FgOmeSAp4v5ti/Q==}

  seroval-plugins@1.5.6:
    resolution: {integrity: sha512-HXuLAX2pu/UByPpaeo/TaMfvMIi+1QqIoPJYCcAtU8QkVNwgR6MPlGuCQTErV1JwraaMbYaWVIBX7mppzGLATQ==}
    engines: {node: '>=10'}
    peerDependencies:
      seroval: ^1.0

  seroval@1.5.6:
    resolution: {integrity: sha512-rVQVWjjSvlINzaQPZH5JFqsqEsIWdTxY3iJZCnTL/5gQbXIRooVZKI60tVCkOVfzcRPejboxO2t0P89dg5mQaA==}
    engines: {node: '>=10'}

  set-cookie-parser@3.1.2:
    resolution: {integrity: sha512-5/r/lTwbJ3zQ+qwdUFZYeRNqda7P5HD8zQKqlSjdGt1/S0cjLAphHusj4Y58ahDtWn/g32xrIS58/ikOvwl0Lw==}

  tailwind-merge@3.3.1:
    resolution: {integrity: sha512-gBXpgUm/3rp1lMZZrM/w7D8GKqshif0zAymAhbCyIt8KMe+0v9DQ7cdYLR4FHH/cKpdTXb+A/tKKU3eolfsI+g==}

  tailwindcss@4.1.11:
    resolution: {integrity: sha512-2E9TBm6MDD/xKYe+dvJZAmg3yxIEDNRc0jwlNyDg/4Fil2QcSLjFKGVff0lAf1jjeaArlG/M75Ey/EYr/OJtBA==}

  tiny-invariant@1.3.3:
    resolution: {integrity: sha512-+FbBPE1o9QAYvviau/qC5SE3caw21q3xkvWKBtja5vgqOWIHHJ3ioaq1VPfn/Szqctz2bU/oYeKd9/z5BL+PVg==}

  tiny-warning@1.0.3:
    resolution: {integrity: sha512-lBN9zLN/oAf68o3zNXYrdCt1kP8WsiGW8Oo2ka41b2IM5JL/S1CTyX1rW0mb/zSuJun0ZUrDxx4sqvYS2FWzPA==}

  typescript@6.0.3:
    resolution: {integrity: sha512-y2TvuxSZPDyQakkFRPZHKFm+KKVqIisdg9/CZwm9ftvKXLP8NRWj38/ODjNbr43SsoXqNuAisEf1GdCxqWcdBw==}
    engines: {node: '>=14.17'}
    hasBin: true

  use-sync-external-store@1.6.0:
    resolution: {integrity: sha512-Pp6GSwGP/NrPIrxVFAIkOQeyw8lFenOHijQWkUTrDvrF4ALqylP2C/KCkeS9dpUM3KvYRQhna5vt7IL95+ZQ9w==}
    peerDependencies:
      react: ^16.8.0 || ^17.0.0 || ^18.0.0 || ^19.0.0

  zod@4.3.5:
    resolution: {integrity: sha512-k7Nwx6vuWx1IJ9Bjuf4Zt1PEllcwe7cls3VNzm4CQ1/hgtFUK2bRNG3rvnpPUhFjmqJKAKtjV576KnUkHocg/g==}

  zod@4.4.3:
    resolution: {integrity: sha512-ytENFjIJFl2UwYglde2jchW2Hwm4GJFLDiSXWdTrJQBIN9Fcyp7n4DhxJEiWNAJMV1/BqWfW/kkg71UDcHJyTQ==}

snapshots:

  '@babel/runtime@7.29.7': {}

  '@base-ui/react@1.6.0(@types/react@19.1.8)(react-dom@19.2.8(react@19.2.8))(react@19.2.8)':
    dependencies:
      '@babel/runtime': 7.29.7
      '@base-ui/utils': 0.3.1(@types/react@19.1.8)(react-dom@19.2.8(react@19.2.8))(react@19.2.8)
      '@floating-ui/react-dom': 2.1.9(react-dom@19.2.8(react@19.2.8))(react@19.2.8)
      '@floating-ui/utils': 0.2.12
      react: 19.2.8
      react-dom: 19.2.8(react@19.2.8)
      use-sync-external-store: 1.6.0(react@19.2.8)
    optionalDependencies:
      '@types/react': 19.1.8

  '@base-ui/utils@0.3.1(@types/react@19.1.8)(react-dom@19.2.8(react@19.2.8))(react@19.2.8)':
    dependencies:
      '@babel/runtime': 7.29.7
      '@floating-ui/utils': 0.2.12
      react: 19.2.8
      react-dom: 19.2.8(react@19.2.8)
      reselect: 5.2.0
      use-sync-external-store: 1.6.0(react@19.2.8)
    optionalDependencies:
      '@types/react': 19.1.8

  '@better-auth/core@1.6.19(@better-auth/utils@0.4.2)(@better-fetch/fetch@1.3.1)(better-call@1.3.6(zod@4.3.5))(jose@6.2.4)(kysely@0.29.4)(nanostores@1.4.1)':
    dependencies:
      '@better-auth/utils': 0.4.2
      '@better-fetch/fetch': 1.3.1
      '@opentelemetry/semantic-conventions': 1.43.0
      '@standard-schema/spec': 1.1.0
      better-call: 1.3.6(zod@4.4.3)
      jose: 6.2.4
      kysely: 0.29.4
      nanostores: 1.4.1
      zod: 4.4.3

  '@better-auth/drizzle-adapter@1.6.19(@better-auth/core@1.6.19(@better-auth/utils@0.4.2)(@better-fetch/fetch@1.3.1)(better-call@1.3.6(zod@4.3.5))(jose@6.2.4)(kysely@0.29.4)(nanostores@1.4.1))(@better-auth/utils@0.4.2)(drizzle-orm@0.45.2(kysely@0.29.4))':
    dependencies:
      '@better-auth/core': 1.6.19(@better-auth/utils@0.4.2)(@better-fetch/fetch@1.3.1)(better-call@1.3.6(zod@4.3.5))(jose@6.2.4)(kysely@0.29.4)(nanostores@1.4.1)
      '@better-auth/utils': 0.4.2
    optionalDependencies:
      drizzle-orm: 0.45.2(kysely@0.29.4)

  '@better-auth/kysely-adapter@1.6.19(@better-auth/core@1.6.19(@better-auth/utils@0.4.2)(@better-fetch/fetch@1.3.1)(better-call@1.3.6(zod@4.3.5))(jose@6.2.4)(kysely@0.29.4)(nanostores@1.4.1))(@better-auth/utils@0.4.2)(kysely@0.29.4)':
    dependencies:
      '@better-auth/core': 1.6.19(@better-auth/utils@0.4.2)(@better-fetch/fetch@1.3.1)(better-call@1.3.6(zod@4.3.5))(jose@6.2.4)(kysely@0.29.4)(nanostores@1.4.1)
      '@better-auth/utils': 0.4.2
    optionalDependencies:
      kysely: 0.29.4

  '@better-auth/memory-adapter@1.6.19(@better-auth/core@1.6.19(@better-auth/utils@0.4.2)(@better-fetch/fetch@1.3.1)(better-call@1.3.6(zod@4.3.5))(jose@6.2.4)(kysely@0.29.4)(nanostores@1.4.1))(@better-auth/utils@0.4.2)':
    dependencies:
      '@better-auth/core': 1.6.19(@better-auth/utils@0.4.2)(@better-fetch/fetch@1.3.1)(better-call@1.3.6(zod@4.3.5))(jose@6.2.4)(kysely@0.29.4)(nanostores@1.4.1)
      '@better-auth/utils': 0.4.2

  '@better-auth/mongo-adapter@1.6.19(@better-auth/core@1.6.19(@better-auth/utils@0.4.2)(@better-fetch/fetch@1.3.1)(better-call@1.3.6(zod@4.3.5))(jose@6.2.4)(kysely@0.29.4)(nanostores@1.4.1))(@better-auth/utils@0.4.2)':
    dependencies:
      '@better-auth/core': 1.6.19(@better-auth/utils@0.4.2)(@better-fetch/fetch@1.3.1)(better-call@1.3.6(zod@4.3.5))(jose@6.2.4)(kysely@0.29.4)(nanostores@1.4.1)
      '@better-auth/utils': 0.4.2

  '@better-auth/prisma-adapter@1.6.19(@better-auth/core@1.6.19(@better-auth/utils@0.4.2)(@better-fetch/fetch@1.3.1)(better-call@1.3.6(zod@4.3.5))(jose@6.2.4)(kysely@0.29.4)(nanostores@1.4.1))(@better-auth/utils@0.4.2)':
    dependencies:
      '@better-auth/core': 1.6.19(@better-auth/utils@0.4.2)(@better-fetch/fetch@1.3.1)(better-call@1.3.6(zod@4.3.5))(jose@6.2.4)(kysely@0.29.4)(nanostores@1.4.1)
      '@better-auth/utils': 0.4.2

  '@better-auth/telemetry@1.6.19(@better-auth/core@1.6.19(@better-auth/utils@0.4.2)(@better-fetch/fetch@1.3.1)(better-call@1.3.6(zod@4.3.5))(jose@6.2.4)(kysely@0.29.4)(nanostores@1.4.1))(@better-auth/utils@0.4.2)(@better-fetch/fetch@1.3.1)':
    dependencies:
      '@better-auth/core': 1.6.19(@better-auth/utils@0.4.2)(@better-fetch/fetch@1.3.1)(better-call@1.3.6(zod@4.3.5))(jose@6.2.4)(kysely@0.29.4)(nanostores@1.4.1)
      '@better-auth/utils': 0.4.2
      '@better-fetch/fetch': 1.3.1

  '@better-auth/utils@0.4.2':
    dependencies:
      '@noble/hashes': 2.2.0

  '@better-fetch/fetch@1.3.1': {}

  '@esbuild/aix-ppc64@0.28.1':
    optional: true

  '@esbuild/android-arm64@0.28.1':
    optional: true

  '@esbuild/android-arm@0.28.1':
    optional: true

  '@esbuild/android-x64@0.28.1':
    optional: true

  '@esbuild/darwin-arm64@0.28.1':
    optional: true

  '@esbuild/darwin-x64@0.28.1':
    optional: true

  '@esbuild/freebsd-arm64@0.28.1':
    optional: true

  '@esbuild/freebsd-x64@0.28.1':
    optional: true

  '@esbuild/linux-arm64@0.28.1':
    optional: true

  '@esbuild/linux-arm@0.28.1':
    optional: true

  '@esbuild/linux-ia32@0.28.1':
    optional: true

  '@esbuild/linux-loong64@0.28.1':
    optional: true

  '@esbuild/linux-mips64el@0.28.1':
    optional: true

  '@esbuild/linux-ppc64@0.28.1':
    optional: true

  '@esbuild/linux-riscv64@0.28.1':
    optional: true

  '@esbuild/linux-s390x@0.28.1':
    optional: true

  '@esbuild/linux-x64@0.28.1':
    optional: true

  '@esbuild/netbsd-arm64@0.28.1':
    optional: true

  '@esbuild/netbsd-x64@0.28.1':
    optional: true

  '@esbuild/openbsd-arm64@0.28.1':
    optional: true

  '@esbuild/openbsd-x64@0.28.1':
    optional: true

  '@esbuild/openharmony-arm64@0.28.1':
    optional: true

  '@esbuild/sunos-x64@0.28.1':
    optional: true

  '@esbuild/win32-arm64@0.28.1':
    optional: true

  '@esbuild/win32-ia32@0.28.1':
    optional: true

  '@esbuild/win32-x64@0.28.1':
    optional: true

  '@floating-ui/core@1.8.0':
    dependencies:
      '@floating-ui/utils': 0.2.12

  '@floating-ui/dom@1.8.0':
    dependencies:
      '@floating-ui/core': 1.8.0
      '@floating-ui/utils': 0.2.12

  '@floating-ui/react-dom@2.1.9(react-dom@19.2.8(react@19.2.8))(react@19.2.8)':
    dependencies:
      '@floating-ui/dom': 1.8.0
      react: 19.2.8
      react-dom: 19.2.8(react@19.2.8)

  '@floating-ui/utils@0.2.12': {}

  '@hookform/resolvers@5.4.0(react-hook-form@7.81.0(react@19.2.8))':
    dependencies:
      '@standard-schema/utils': 0.3.0
      react-hook-form: 7.81.0(react@19.2.8)

  '@noble/ciphers@2.2.0': {}

  '@noble/hashes@2.2.0': {}

  '@opentelemetry/semantic-conventions@1.43.0': {}

  '@radix-ui/react-icons@1.3.2(react@19.2.8)':
    dependencies:
      react: 19.2.8

  '@standard-schema/spec@1.1.0': {}

  '@standard-schema/utils@0.3.0': {}

  '@tanstack/history@1.121.34': {}

  '@tanstack/query-core@5.83.0': {}

  '@tanstack/react-query@5.83.0(react@19.2.8)':
    dependencies:
      '@tanstack/query-core': 5.83.0
      react: 19.2.8

  '@tanstack/react-router@1.129.0(react-dom@19.2.8(react@19.2.8))(react@19.2.8)':
    dependencies:
      '@tanstack/history': 1.121.34
      '@tanstack/react-store': 0.7.7(react-dom@19.2.8(react@19.2.8))(react@19.2.8)
      '@tanstack/router-core': 1.129.0
      isbot: 5.2.1
      react: 19.2.8
      react-dom: 19.2.8(react@19.2.8)
      tiny-invariant: 1.3.3
      tiny-warning: 1.0.3

  '@tanstack/react-store@0.7.7(react-dom@19.2.8(react@19.2.8))(react@19.2.8)':
    dependencies:
      '@tanstack/store': 0.7.7
      react: 19.2.8
      react-dom: 19.2.8(react@19.2.8)
      use-sync-external-store: 1.6.0(react@19.2.8)

  '@tanstack/router-core@1.129.0':
    dependencies:
      '@tanstack/history': 1.121.34
      '@tanstack/store': 0.7.7
      cookie-es: 1.2.3
      seroval: 1.5.6
      seroval-plugins: 1.5.6(seroval@1.5.6)
      tiny-invariant: 1.3.3
      tiny-warning: 1.0.3

  '@tanstack/store@0.7.7': {}

  '@types/react-dom@19.1.6(@types/react@19.1.8)':
    dependencies:
      '@types/react': 19.1.8

  '@types/react@19.1.8':
    dependencies:
      csstype: 3.2.3

  better-auth@1.6.19(drizzle-orm@0.45.2(kysely@0.29.4))(react-dom@19.2.8(react@19.2.8))(react@19.2.8):
    dependencies:
      '@better-auth/core': 1.6.19(@better-auth/utils@0.4.2)(@better-fetch/fetch@1.3.1)(better-call@1.3.6(zod@4.3.5))(jose@6.2.4)(kysely@0.29.4)(nanostores@1.4.1)
      '@better-auth/drizzle-adapter': 1.6.19(@better-auth/core@1.6.19(@better-auth/utils@0.4.2)(@better-fetch/fetch@1.3.1)(better-call@1.3.6(zod@4.3.5))(jose@6.2.4)(kysely@0.29.4)(nanostores@1.4.1))(@better-auth/utils@0.4.2)(drizzle-orm@0.45.2(kysely@0.29.4))
      '@better-auth/kysely-adapter': 1.6.19(@better-auth/core@1.6.19(@better-auth/utils@0.4.2)(@better-fetch/fetch@1.3.1)(better-call@1.3.6(zod@4.3.5))(jose@6.2.4)(kysely@0.29.4)(nanostores@1.4.1))(@better-auth/utils@0.4.2)(kysely@0.29.4)
      '@better-auth/memory-adapter': 1.6.19(@better-auth/core@1.6.19(@better-auth/utils@0.4.2)(@better-fetch/fetch@1.3.1)(better-call@1.3.6(zod@4.3.5))(jose@6.2.4)(kysely@0.29.4)(nanostores@1.4.1))(@better-auth/utils@0.4.2)
      '@better-auth/mongo-adapter': 1.6.19(@better-auth/core@1.6.19(@better-auth/utils@0.4.2)(@better-fetch/fetch@1.3.1)(better-call@1.3.6(zod@4.3.5))(jose@6.2.4)(kysely@0.29.4)(nanostores@1.4.1))(@better-auth/utils@0.4.2)
      '@better-auth/prisma-adapter': 1.6.19(@better-auth/core@1.6.19(@better-auth/utils@0.4.2)(@better-fetch/fetch@1.3.1)(better-call@1.3.6(zod@4.3.5))(jose@6.2.4)(kysely@0.29.4)(nanostores@1.4.1))(@better-auth/utils@0.4.2)
      '@better-auth/telemetry': 1.6.19(@better-auth/core@1.6.19(@better-auth/utils@0.4.2)(@better-fetch/fetch@1.3.1)(better-call@1.3.6(zod@4.3.5))(jose@6.2.4)(kysely@0.29.4)(nanostores@1.4.1))(@better-auth/utils@0.4.2)(@better-fetch/fetch@1.3.1)
      '@better-auth/utils': 0.4.2
      '@better-fetch/fetch': 1.3.1
      '@noble/ciphers': 2.2.0
      '@noble/hashes': 2.2.0
      better-call: 1.3.6(zod@4.4.3)
      defu: 6.1.7
      jose: 6.2.4
      kysely: 0.29.4
      nanostores: 1.4.1
      zod: 4.4.3
    optionalDependencies:
      drizzle-orm: 0.45.2(kysely@0.29.4)
      react: 19.2.8
      react-dom: 19.2.8(react@19.2.8)
    transitivePeerDependencies:
      - '@cloudflare/workers-types'
      - '@opentelemetry/api'

  better-call@1.3.6(zod@4.4.3):
    dependencies:
      '@better-auth/utils': 0.4.2
      '@better-fetch/fetch': 1.3.1
      rou3: 0.7.12
      set-cookie-parser: 3.1.2
    optionalDependencies:
      zod: 4.4.3

  class-variance-authority@0.7.1:
    dependencies:
      clsx: 2.1.1

  clsx@2.1.1: {}

  cookie-es@1.2.3: {}

  csstype@3.2.3: {}

  defu@6.1.7: {}

  drizzle-orm@0.45.2(kysely@0.29.4):
    optionalDependencies:
      kysely: 0.29.4

  esbuild@0.28.1:
    optionalDependencies:
      '@esbuild/aix-ppc64': 0.28.1
      '@esbuild/android-arm': 0.28.1
      '@esbuild/android-arm64': 0.28.1
      '@esbuild/android-x64': 0.28.1
      '@esbuild/darwin-arm64': 0.28.1
      '@esbuild/darwin-x64': 0.28.1
      '@esbuild/freebsd-arm64': 0.28.1
      '@esbuild/freebsd-x64': 0.28.1
      '@esbuild/linux-arm': 0.28.1
      '@esbuild/linux-arm64': 0.28.1
      '@esbuild/linux-ia32': 0.28.1
      '@esbuild/linux-loong64': 0.28.1
      '@esbuild/linux-mips64el': 0.28.1
      '@esbuild/linux-ppc64': 0.28.1
      '@esbuild/linux-riscv64': 0.28.1
      '@esbuild/linux-s390x': 0.28.1
      '@esbuild/linux-x64': 0.28.1
      '@esbuild/netbsd-arm64': 0.28.1
      '@esbuild/netbsd-x64': 0.28.1
      '@esbuild/openbsd-arm64': 0.28.1
      '@esbuild/openbsd-x64': 0.28.1
      '@esbuild/openharmony-arm64': 0.28.1
      '@esbuild/sunos-x64': 0.28.1
      '@esbuild/win32-arm64': 0.28.1
      '@esbuild/win32-ia32': 0.28.1
      '@esbuild/win32-x64': 0.28.1

  hono@4.12.31: {}

  isbot@5.2.1: {}

  jose@6.2.4: {}

  kysely@0.29.4: {}

  nanostores@1.4.1: {}

  react-dom@19.2.8(react@19.2.8):
    dependencies:
      react: 19.2.8
      scheduler: 0.27.0

  react-hook-form@7.81.0(react@19.2.8):
    dependencies:
      react: 19.2.8

  react@19.2.8: {}

  reselect@5.2.0: {}

  rou3@0.7.12: {}

  scheduler@0.27.0: {}

  seroval-plugins@1.5.6(seroval@1.5.6):
    dependencies:
      seroval: 1.5.6

  seroval@1.5.6: {}

  set-cookie-parser@3.1.2: {}

  tailwind-merge@3.3.1: {}

  tailwindcss@4.1.11: {}

  tiny-invariant@1.3.3: {}

  tiny-warning@1.0.3: {}

  typescript@6.0.3: {}

  use-sync-external-store@1.6.0(react@19.2.8):
    dependencies:
      react: 19.2.8

  zod@4.3.5: {}

  zod@4.4.3: {}
